memo = "7adc3464de666127efe55889de3345d00a803944eac165a4eede845d39742998"

[[projects]]
  name = "github.com/aws/aws-sdk-go"
  packages = ["aws","aws/awserr","aws/awsutil","aws/client","aws/client/metadata","aws/corehandlers","aws/credentials","aws/credentials/ec2rolecreds","aws/credentials/endpointcreds","aws/credentials/stscreds","aws/defaults","aws/ec2metadata","aws/endpoints","aws/request","aws/session","aws/signer/v4","private/protocol","private/protocol/ec2query","private/protocol/query","private/protocol/query/queryutil","private/protocol/rest","private/protocol/xml/xmlutil","service/ec2","service/sts"]
  revision = "9f8b24cb7c7701c78150869d906711a2e7184bc0"
  version = "v1.8.23"

[[projects]]
  name = "github.com/go-ini/ini"
  packages = ["."]
  revision = "e7fea39b01aea8d5671f6858f0532f56e8bff3a5"
  version = "v1.27.0"

[[projects]]
  name = "github.com/jmespath/go-jmespath"
  packages = ["."]
  revision = "3433f3ea46d9f8019119e7dd41274e112a2359a9"
  version = "0.2.2"

[[projects]]
  name = "github.com/pkg/errors"
  packages = ["."]
  revision = "645ef00459ed84a119197bfb8d8205042c6df63d"
  version = "v0.8.0"
